# This file is automatically @generated by Cargo.
# It is not intended for manual editing.
version = 4

[[package]]
name = "lumen-conformance"
version = "0.1.0"

[[package]]
name = "lumen-device"
version = "0.1.0"
dependencies = [
 "lumen-proto",
 "lumen-vm",
]

[[package]]
name = "lumen-device-adapter"
version = "0.1.0"
dependencies = [
 "lumen-conformance",
 "lumen-device",
 "lumen-proto",
]

[[package]]
name = "lumen-proto"
version = "0.1.0"

[[package]]
name = "lumen-vm"
version = "0.1.0"
